
Microsoft Visual Studio Solution File, Format Version 12.00
# Visual Studio Version 17
VisualStudioVersion = 17.14.36414.22
MinimumVisualStudioVersion = 10.0.40219.1
Project("{FAE04EC0-301F-11D3-BF4B-00C04F79EFBC}") = "1TransaccionesProductos", "1TransaccionesProductos.csproj", "{24E1F3F7-0BA9-4409-816A-5446382937E1}"
EndProject
Project("{FAE04EC0-301F-11D3-BF4B-00C04F79EFBC}") = "WebApplication1", "..\WebApplication1\WebApplication1.csproj", "{66A94415-89B3-4867-B6A4-3FED4293ABA9}"
EndProject
Global
	GlobalSection(SolutionConfigurationPlatforms) = preSolution
		Debug|Any CPU = Debug|Any CPU
		Release|Any CPU = Release|Any CPU
	EndGlobalSection
	GlobalSection(ProjectConfigurationPlatforms) = postSolution
		{24E1F3F7-0BA9-4409-816A-5446382937E1}.Debug|Any CPU.ActiveCfg = Debug|Any CPU
		{24E1F3F7-0BA9-4409-816A-5446382937E1}.Debug|Any CPU.Build.0 = Debug|Any CPU
		{24E1F3F7-0BA9-4409-816A-5446382937E1}.Release|Any CPU.ActiveCfg = Release|Any CPU
		{24E1F3F7-0BA9-4409-816A-5446382937E1}.Release|Any CPU.Build.0 = Release|Any CPU
		{66A94415-89B3-4867-B6A4-3FED4293ABA9}.Debug|Any CPU.ActiveCfg = Debug|Any CPU
		{66A94415-89B3-4867-B6A4-3FED4293ABA9}.Debug|Any CPU.Build.0 = Debug|Any CPU
		{66A94415-89B3-4867-B6A4-3FED4293ABA9}.Release|Any CPU.ActiveCfg = Release|Any CPU
		{66A94415-89B3-4867-B6A4-3FED4293ABA9}.Release|Any CPU.Build.0 = Release|Any CPU
	EndGlobalSection
	GlobalSection(SolutionProperties) = preSolution
		HideSolutionNode = FALSE
	EndGlobalSection
	GlobalSection(ExtensibilityGlobals) = postSolution
		SolutionGuid = {869C4183-707C-4C2C-BA7D-0D641DF011CD}
	EndGlobalSection
EndGlobal
